
Microsoft Visual Studio Solution File, Format Version 12.00
# Visual Studio Version 17
VisualStudioVersion = 17.14.37012.4
MinimumVisualStudioVersion = 10.0.40219.1
Project("{8BC9CEB8-8B4A-11D0-8D11-00A0C91BC942}") = "Gamemake", "Gamemake\Gamemake.vcxproj", "{E8529BC2-3577-4801-AD09-1916837E1039}"
EndProject
Project("{8BC9CEB8-8B4A-11D0-8D11-00A0C91BC942}") = "test", "test\test.vcxproj", "{FB00B854-D25F-4423-B3A8-E975CE81B891}"
EndProject
Project("{8BC9CEB8-8B4A-11D0-8D11-00A0C91BC942}") = "Project1", "..\..\Project1\Project1\Project1.vcxproj", "{EB7BCECD-9B34-4E74-8FEB-7F3F14BE3BEC}"
EndProject
Global
	GlobalSection(SolutionConfigurationPlatforms) = preSolution
		Debug|x64 = Debug|x64
		Debug|x86 = Debug|x86
		Release|x64 = Release|x64
		Release|x86 = Release|x86
	EndGlobalSection
	GlobalSection(ProjectConfigurationPlatforms) = postSolution
		{E8529BC2-3577-4801-AD09-1916837E1039}.Debug|x64.ActiveCfg = Debug|x64
		{E8529BC2-3577-4801-AD09-1916837E1039}.Debug|x64.Build.0 = Debug|x64
		{E8529BC2-3577-4801-AD09-1916837E1039}.Debug|x86.ActiveCfg = Debug|Win32
		{E8529BC2-3577-4801-AD09-1916837E1039}.Debug|x86.Build.0 = Debug|Win32
		{E8529BC2-3577-4801-AD09-1916837E1039}.Release|x64.ActiveCfg = Release|x64
		{E8529BC2-3577-4801-AD09-1916837E1039}.Release|x64.Build.0 = Release|x64
		{E8529BC2-3577-4801-AD09-1916837E1039}.Release|x86.ActiveCfg = Release|Win32
		{E8529BC2-3577-4801-AD09-1916837E1039}.Release|x86.Build.0 = Release|Win32
		{FB00B854-D25F-4423-B3A8-E975CE81B891}.Debug|x64.ActiveCfg = Debug|x64
		{FB00B854-D25F-4423-B3A8-E975CE81B891}.Debug|x64.Build.0 = Debug|x64
		{FB00B854-D25F-4423-B3A8-E975CE81B891}.Debug|x86.ActiveCfg = Debug|Win32
		{FB00B854-D25F-4423-B3A8-E975CE81B891}.Debug|x86.Build.0 = Debug|Win32
		{FB00B854-D25F-4423-B3A8-E975CE81B891}.Release|x64.ActiveCfg = Release|x64
		{FB00B854-D25F-4423-B3A8-E975CE81B891}.Release|x64.Build.0 = Release|x64
		{FB00B854-D25F-4423-B3A8-E975CE81B891}.Release|x86.ActiveCfg = Release|Win32
		{FB00B854-D25F-4423-B3A8-E975CE81B891}.Release|x86.Build.0 = Release|Win32
		{EB7BCECD-9B34-4E74-8FEB-7F3F14BE3BEC}.Debug|x64.ActiveCfg = Debug|x64
		{EB7BCECD-9B34-4E74-8FEB-7F3F14BE3BEC}.Debug|x64.Build.0 = Debug|x64
		{EB7BCECD-9B34-4E74-8FEB-7F3F14BE3BEC}.Debug|x86.ActiveCfg = Debug|Win32
		{EB7BCECD-9B34-4E74-8FEB-7F3F14BE3BEC}.Debug|x86.Build.0 = Debug|Win32
		{EB7BCECD-9B34-4E74-8FEB-7F3F14BE3BEC}.Release|x64.ActiveCfg = Release|x64
		{EB7BCECD-9B34-4E74-8FEB-7F3F14BE3BEC}.Release|x64.Build.0 = Release|x64
		{EB7BCECD-9B34-4E74-8FEB-7F3F14BE3BEC}.Release|x86.ActiveCfg = Release|Win32
		{EB7BCECD-9B34-4E74-8FEB-7F3F14BE3BEC}.Release|x86.Build.0 = Release|Win32
	EndGlobalSection
	GlobalSection(SolutionProperties) = preSolution
		HideSolutionNode = FALSE
	EndGlobalSection
	GlobalSection(ExtensibilityGlobals) = postSolution
		SolutionGuid = {25FB0E5A-7492-4C6D-9F16-AD4267FB6586}
	EndGlobalSection
EndGlobal
