
Microsoft Visual Studio Solution File, Format Version 12.00
# Visual Studio Version 17
VisualStudioVersion = 17.14.37012.4
MinimumVisualStudioVersion = 10.0.40219.1
Project("{8BC9CEB8-8B4A-11D0-8D11-00A0C91BC942}") = "Gamemake", "Gamemake\Gamemake.vcxproj", "{E8529BC2-3577-4801-AD09-1916837E1039}"
EndProject
Project("{8BC9CEB8-8B4A-11D0-8D11-00A0C91BC942}") = "test", "test\test.vcxproj", "{FB00B854-D25F-4423-B3A8-E975CE81B891}"
EndProject
Project("{8BC9CEB8-8B4A-11D0-8D11-00A0C91BC942}") = "Project1232", "Project1232\Project1232.vcxproj", "{8CD3B9E8-F20C-45F9-AD14-BB5DC6014E86}"
EndProject
Project("{8BC9CEB8-8B4A-11D0-8D11-00A0C91BC942}") = "game_start_title", "game_start_title\game_start_title.vcxproj", "{8EFABEC6-0EF2-454E-A2C0-65BDC386CE11}"
EndProject
Project("{8BC9CEB8-8B4A-11D0-8D11-00A0C91BC942}") = "team introduction", "team introduction\team introduction.vcxproj", "{4D08CF47-1821-4DB0-96F4-7E78C60AE5CE}"
EndProject
Global
	GlobalSection(SolutionConfigurationPlatforms) = preSolution
		Debug|x64 = Debug|x64
		Debug|x86 = Debug|x86
		Release|x64 = Release|x64
		Release|x86 = Release|x86
	EndGlobalSection
	GlobalSection(ProjectConfigurationPlatforms) = postSolution
		{E8529BC2-3577-4801-AD09-1916837E1039}.Debug|x64.ActiveCfg = Debug|x64
		{E8529BC2-3577-4801-AD09-1916837E1039}.Debug|x64.Build.0 = Debug|x64
		{E8529BC2-3577-4801-AD09-1916837E1039}.Debug|x86.ActiveCfg = Debug|Win32
		{E8529BC2-3577-4801-AD09-1916837E1039}.Debug|x86.Build.0 = Debug|Win32
		{E8529BC2-3577-4801-AD09-1916837E1039}.Release|x64.ActiveCfg = Release|x64
		{E8529BC2-3577-4801-AD09-1916837E1039}.Release|x64.Build.0 = Release|x64
		{E8529BC2-3577-4801-AD09-1916837E1039}.Release|x86.ActiveCfg = Release|Win32
		{E8529BC2-3577-4801-AD09-1916837E1039}.Release|x86.Build.0 = Release|Win32
		{FB00B854-D25F-4423-B3A8-E975CE81B891}.Debug|x64.ActiveCfg = Debug|x64
		{FB00B854-D25F-4423-B3A8-E975CE81B891}.Debug|x64.Build.0 = Debug|x64
		{FB00B854-D25F-4423-B3A8-E975CE81B891}.Debug|x86.ActiveCfg = Debug|Win32
		{FB00B854-D25F-4423-B3A8-E975CE81B891}.Debug|x86.Build.0 = Debug|Win32
		{FB00B854-D25F-4423-B3A8-E975CE81B891}.Release|x64.ActiveCfg = Release|x64
		{FB00B854-D25F-4423-B3A8-E975CE81B891}.Release|x64.Build.0 = Release|x64
		{FB00B854-D25F-4423-B3A8-E975CE81B891}.Release|x86.ActiveCfg = Release|Win32
		{FB00B854-D25F-4423-B3A8-E975CE81B891}.Release|x86.Build.0 = Release|Win32
		{8CD3B9E8-F20C-45F9-AD14-BB5DC6014E86}.Debug|x64.ActiveCfg = Debug|x64
		{8CD3B9E8-F20C-45F9-AD14-BB5DC6014E86}.Debug|x64.Build.0 = Debug|x64
		{8CD3B9E8-F20C-45F9-AD14-BB5DC6014E86}.Debug|x86.ActiveCfg = Debug|Win32
		{8CD3B9E8-F20C-45F9-AD14-BB5DC6014E86}.Debug|x86.Build.0 = Debug|Win32
		{8CD3B9E8-F20C-45F9-AD14-BB5DC6014E86}.Release|x64.ActiveCfg = Release|x64
		{8CD3B9E8-F20C-45F9-AD14-BB5DC6014E86}.Release|x64.Build.0 = Release|x64
		{8CD3B9E8-F20C-45F9-AD14-BB5DC6014E86}.Release|x86.ActiveCfg = Release|Win32
		{8CD3B9E8-F20C-45F9-AD14-BB5DC6014E86}.Release|x86.Build.0 = Release|Win32
		{8EFABEC6-0EF2-454E-A2C0-65BDC386CE11}.Debug|x64.ActiveCfg = Debug|x64
		{8EFABEC6-0EF2-454E-A2C0-65BDC386CE11}.Debug|x64.Build.0 = Debug|x64
		{8EFABEC6-0EF2-454E-A2C0-65BDC386CE11}.Debug|x86.ActiveCfg = Debug|Win32
		{8EFABEC6-0EF2-454E-A2C0-65BDC386CE11}.Debug|x86.Build.0 = Debug|Win32
		{8EFABEC6-0EF2-454E-A2C0-65BDC386CE11}.Release|x64.ActiveCfg = Release|x64
		{8EFABEC6-0EF2-454E-A2C0-65BDC386CE11}.Release|x64.Build.0 = Release|x64
		{8EFABEC6-0EF2-454E-A2C0-65BDC386CE11}.Release|x86.ActiveCfg = Release|Win32
		{8EFABEC6-0EF2-454E-A2C0-65BDC386CE11}.Release|x86.Build.0 = Release|Win32
		{4D08CF47-1821-4DB0-96F4-7E78C60AE5CE}.Debug|x64.ActiveCfg = Debug|x64
		{4D08CF47-1821-4DB0-96F4-7E78C60AE5CE}.Debug|x64.Build.0 = Debug|x64
		{4D08CF47-1821-4DB0-96F4-7E78C60AE5CE}.Debug|x86.ActiveCfg = Debug|Win32
		{4D08CF47-1821-4DB0-96F4-7E78C60AE5CE}.Debug|x86.Build.0 = Debug|Win32
		{4D08CF47-1821-4DB0-96F4-7E78C60AE5CE}.Release|x64.ActiveCfg = Release|x64
		{4D08CF47-1821-4DB0-96F4-7E78C60AE5CE}.Release|x64.Build.0 = Release|x64
		{4D08CF47-1821-4DB0-96F4-7E78C60AE5CE}.Release|x86.ActiveCfg = Release|Win32
		{4D08CF47-1821-4DB0-96F4-7E78C60AE5CE}.Release|x86.Build.0 = Release|Win32
	EndGlobalSection
	GlobalSection(SolutionProperties) = preSolution
		HideSolutionNode = FALSE
	EndGlobalSection
	GlobalSection(ExtensibilityGlobals) = postSolution
		SolutionGuid = {25FB0E5A-7492-4C6D-9F16-AD4267FB6586}
	EndGlobalSection
EndGlobal
